
Microsoft Visual Studio Solution File, Format Version 12.00
# Visual Studio Version 16
VisualStudioVersion = 16.0.30517.126
MinimumVisualStudioVersion = 10.0.40219.1
Project("{9A19103F-16F7-4668-BE54-9A1E7A4F7556}") = "0.1DefineIPerson,0.2MultipleImplementation", "0.1DefineIPerson\0.1DefineIPerson,0.2MultipleImplementation.csproj", "{FB085AB9-E479-479C-B214-1E687D5D718A}"
EndProject
Project("{FAE04EC0-301F-11D3-BF4B-00C04F79EFBC}") = "0.3Telephony", "0.3Telephony\0.3Telephony.csproj", "{CEEFE22E-4E34-45E1-8F66-5C21BDA93A07}"
EndProject
Project("{FAE04EC0-301F-11D3-BF4B-00C04F79EFBC}") = "0.4BorderControl,0.5BirthdayCelebrations", "0.4BorderControl\0.4BorderControl,0.5BirthdayCelebrations.csproj", "{788B826B-7FA1-4ADE-8909-36FAC253C800}"
EndProject
Global
	GlobalSection(SolutionConfigurationPlatforms) = preSolution
		Debug|Any CPU = Debug|Any CPU
		Release|Any CPU = Release|Any CPU
	EndGlobalSection
	GlobalSection(ProjectConfigurationPlatforms) = postSolution
		{FB085AB9-E479-479C-B214-1E687D5D718A}.Debug|Any CPU.ActiveCfg = Debug|Any CPU
		{FB085AB9-E479-479C-B214-1E687D5D718A}.Debug|Any CPU.Build.0 = Debug|Any CPU
		{FB085AB9-E479-479C-B214-1E687D5D718A}.Release|Any CPU.ActiveCfg = Release|Any CPU
		{FB085AB9-E479-479C-B214-1E687D5D718A}.Release|Any CPU.Build.0 = Release|Any CPU
		{CEEFE22E-4E34-45E1-8F66-5C21BDA93A07}.Debug|Any CPU.ActiveCfg = Debug|Any CPU
		{CEEFE22E-4E34-45E1-8F66-5C21BDA93A07}.Debug|Any CPU.Build.0 = Debug|Any CPU
		{CEEFE22E-4E34-45E1-8F66-5C21BDA93A07}.Release|Any CPU.ActiveCfg = Release|Any CPU
		{CEEFE22E-4E34-45E1-8F66-5C21BDA93A07}.Release|Any CPU.Build.0 = Release|Any CPU
		{788B826B-7FA1-4ADE-8909-36FAC253C800}.Debug|Any CPU.ActiveCfg = Debug|Any CPU
		{788B826B-7FA1-4ADE-8909-36FAC253C800}.Debug|Any CPU.Build.0 = Debug|Any CPU
		{788B826B-7FA1-4ADE-8909-36FAC253C800}.Release|Any CPU.ActiveCfg = Release|Any CPU
		{788B826B-7FA1-4ADE-8909-36FAC253C800}.Release|Any CPU.Build.0 = Release|Any CPU
	EndGlobalSection
	GlobalSection(SolutionProperties) = preSolution
		HideSolutionNode = FALSE
	EndGlobalSection
	GlobalSection(ExtensibilityGlobals) = postSolution
		SolutionGuid = {4D90A8F3-122C-4A4B-9E0B-463CEAD39066}
	EndGlobalSection
EndGlobal
